// !$*UTF8*$!
{
	archiveVersion = 1;
	classes = {
	};
	objectVersion = 46;
	objects = {

/* Begin PBXBuildFile section */
		81A8748B1E5A3BEB004DDBA1 /* main.cpp in Sources */ = {isa = PBXBuildFile; fileRef = 81A8748A1E5A3BEB004DDBA1 /* main.cpp */; };
		81A874961E5A3C0A004DDBA1 /* TextCandidate.cpp in Sources */ = {isa = PBXBuildFile; fileRef = 81A874921E5A3C0A004DDBA1 /* TextCandidate.cpp */; };
		81A874971E5A3C0A004DDBA1 /* TextPopulation.cpp in Sources */ = {isa = PBXBuildFile; fileRef = 81A874941E5A3C0A004DDBA1 /* TextPopulation.cpp */; };
/* End PBXBuildFile section */

/* Begin PBXCopyFilesBuildPhase section */
		81A874851E5A3BEB004DDBA1 /* CopyFiles */ = {
			isa = PBXCopyFilesBuildPhase;
			buildActionMask = 2147483647;
			dstPath = /usr/share/man/man1/;
			dstSubfolderSpec = 0;
			files = (
			);
			runOnlyForDeploymentPostprocessing = 1;
		};
/* End PBXCopyFilesBuildPhase section */

/* Begin PBXFileReference section */
		81A874871E5A3BEB004DDBA1 /* GA */ = {isa = PBXFileReference; explicitFileType = "compiled.mach-o.executable"; includeInIndex = 0; path = GA; sourceTree = BUILT_PRODUCTS_DIR; };
		81A8748A1E5A3BEB004DDBA1 /* main.cpp */ = {isa = PBXFileReference; lastKnownFileType = sourcecode.cpp.cpp; path = main.cpp; sourceTree = "<group>"; };
		81A874911E5A3C0A004DDBA1 /* Statistics.hpp */ = {isa = PBXFileReference; fileEncoding = 4; lastKnownFileType = sourcecode.cpp.h; path = Statistics.hpp; sourceTree = "<group>"; };
		81A874921E5A3C0A004DDBA1 /* TextCandidate.cpp */ = {isa = PBXFileReference; fileEncoding = 4; lastKnownFileType = sourcecode.cpp.cpp; path = TextCandidate.cpp; sourceTree = "<group>"; };
		81A874931E5A3C0A004DDBA1 /* TextCandidate.hpp */ = {isa = PBXFileReference; fileEncoding = 4; lastKnownFileType = sourcecode.cpp.h; path = TextCandidate.hpp; sourceTree = "<group>"; };
		81A874941E5A3C0A004DDBA1 /* TextPopulation.cpp */ = {isa = PBXFileReference; fileEncoding = 4; lastKnownFileType = sourcecode.cpp.cpp; path = TextPopulation.cpp; sourceTree = "<group>"; };
		81A874951E5A3C0A004DDBA1 /* TextPopulation.hpp */ = {isa = PBXFileReference; fileEncoding = 4; lastKnownFileType = sourcecode.cpp.h; path = TextPopulation.hpp; sourceTree = "<group>"; };
/* End PBXFileReference section */

/* Begin PBXFrameworksBuildPhase section */
		81A874841E5A3BEB004DDBA1 /* Frameworks */ = {
			isa = PBXFrameworksBuildPhase;
			buildActionMask = 2147483647;
			files = (
			);
			runOnlyForDeploymentPostprocessing = 0;
		};
/* End PBXFrameworksBuildPhase section */

/* Begin PBXGroup section */
		81A8747E1E5A3BEB004DDBA1 = {
			isa = PBXGroup;
			children = (
				81A874891E5A3BEB004DDBA1 /* GA */,
				81A874881E5A3BEB004DDBA1 /* Products */,
			);
			sourceTree = "<group>";
		};
		81A874881E5A3BEB004DDBA1 /* Products */ = {
			isa = PBXGroup;
			children = (
				81A874871E5A3BEB004DDBA1 /* GA */,
			);
			name = Products;
			sourceTree = "<group>";
		};
		81A874891E5A3BEB004DDBA1 /* GA */ = {
			isa = PBXGroup;
			children = (
				81A8748A1E5A3BEB004DDBA1 /* main.cpp */,
				81A874911E5A3C0A004DDBA1 /* Statistics.hpp */,
				81A874921E5A3C0A004DDBA1 /* TextCandidate.cpp */,
				81A874931E5A3C0A004DDBA1 /* TextCandidate.hpp */,
				81A874941E5A3C0A004DDBA1 /* TextPopulation.cpp */,
				81A874951E5A3C0A004DDBA1 /* TextPopulation.hpp */,
			);
			path = GA;
			sourceTree = "<group>";
		};
/* End PBXGroup section */

/* Begin PBXNativeTarget section */
		81A874861E5A3BEB004DDBA1 /* GA */ = {
			isa = PBXNativeTarget;
			buildConfigurationList = 81A8748E1E5A3BEB004DDBA1 /* Build configuration list for PBXNativeTarget "GA" */;
			buildPhases = (
				81A874831E5A3BEB004DDBA1 /* Sources */,
				81A874841E5A3BEB004DDBA1 /* Frameworks */,
				81A874851E5A3BEB004DDBA1 /* CopyFiles */,
			);
			buildRules = (
			);
			dependencies = (
			);
			name = GA;
			productName = GA;
			productReference = 81A874871E5A3BEB004DDBA1 /* GA */;
			productType = "com.apple.product-type.tool";
		};
/* End PBXNativeTarget section */

/* Begin PBXProject section */
		81A8747F1E5A3BEB004DDBA1 /* Project object */ = {
			isa = PBXProject;
			attributes = {
				LastUpgradeCheck = 0820;
				ORGANIZATIONNAME = "András Zalavári";
				TargetAttributes = {
					81A874861E5A3BEB004DDBA1 = {
						CreatedOnToolsVersion = 8.2.1;
						ProvisioningStyle = Automatic;
					};
				};
			};
			buildConfigurationList = 81A874821E5A3BEB004DDBA1 /* Build configuration list for PBXProject "GA" */;
			compatibilityVersion = "Xcode 3.2";
			developmentRegion = English;
			hasScannedForEncodings = 0;
			knownRegions = (
				en,
			);
			mainGroup = 81A8747E1E5A3BEB004DDBA1;
			productRefGroup = 81A874881E5A3BEB004DDBA1 /* Products */;
			projectDirPath = "";
			projectRoot = "";
			targets = (
				81A874861E5A3BEB004DDBA1 /* GA */,
			);
		};
/* End PBXProject section */

/* Begin PBXSourcesBuildPhase section */
		81A874831E5A3BEB004DDBA1 /* Sources */ = {
			isa = PBXSourcesBuildPhase;
			buildActionMask = 2147483647;
			files = (
				81A874961E5A3C0A004DDBA1 /* TextCandidate.cpp in Sources */,
				81A8748B1E5A3BEB004DDBA1 /* main.cpp in Sources */,
				81A874971E5A3C0A004DDBA1 /* TextPopulation.cpp in Sources */,
			);
			runOnlyForDeploymentPostprocessing = 0;
		};
/* End PBXSourcesBuildPhase section */

/* Begin XCBuildConfiguration section */
		81A8748C1E5A3BEB004DDBA1 /* Debug */ = {
			isa = XCBuildConfiguration;
			buildSettings = {
				ALWAYS_SEARCH_USER_PATHS = NO;
				CLANG_ANALYZER_NONNULL = YES;
				CLANG_CXX_LANGUAGE_STANDARD = "gnu++0x";
				CLANG_CXX_LIBRARY = "libc++";
				CLANG_ENABLE_MODULES = YES;
				CLANG_ENABLE_OBJC_ARC = YES;
				CLANG_WARN_BOOL_CONVERSION = YES;
				CLANG_WARN_CONSTANT_CONVERSION = YES;
				CLANG_WARN_DIRECT_OBJC_ISA_USAGE = YES_ERROR;
				CLANG_WARN_DOCUMENTATION_COMMENTS = YES;
				CLANG_WARN_EMPTY_BODY = YES;
				CLANG_WARN_ENUM_CONVERSION = YES;
				CLANG_WARN_INFINITE_RECURSION = YES;
				CLANG_WARN_INT_CONVERSION = YES;
				CLANG_WARN_OBJC_ROOT_CLASS = YES_ERROR;
				CLANG_WARN_SUSPICIOUS_MOVE = YES;
				CLANG_WARN_UNREACHABLE_CODE = YES;
				CLANG_WARN__DUPLICATE_METHOD_MATCH = YES;
				CODE_SIGN_IDENTITY = "-";
				COPY_PHASE_STRIP = NO;
				DEBUG_INFORMATION_FORMAT = dwarf;
				ENABLE_STRICT_OBJC_MSGSEND = YES;
				ENABLE_TESTABILITY = YES;
				GCC_C_LANGUAGE_STANDARD = gnu99;
				GCC_DYNAMIC_NO_PIC = NO;
				GCC_NO_COMMON_BLOCKS = YES;
				GCC_OPTIMIZATION_LEVEL = 0;
				GCC_PREPROCESSOR_DEFINITIONS = (
					"DEBUG=1",
					"$(inherited)",
				);
				GCC_WARN_64_TO_32_BIT_CONVERSION = YES;
				GCC_WARN_ABOUT_RETURN_TYPE = YES_ERROR;
				GCC_WARN_UNDECLARED_SELECTOR = YES;
				GCC_WARN_UNINITIALIZED_AUTOS = YES_AGGRESSIVE;
				GCC_WARN_UNUSED_FUNCTION = YES;
				GCC_WARN_UNUSED_VARIABLE = YES;
				MACOSX_DEPLOYMENT_TARGET = 10.12;
				MTL_ENABLE_DEBUG_INFO = YES;
				ONLY_ACTIVE_ARCH = YES;
				SDKROOT = macosx;
			};
			name = Debug;
		};
		81A8748D1E5A3BEB004DDBA1 /* Release */ = {
			isa = XCBuildConfiguration;
			buildSettings = {
				ALWAYS_SEARCH_USER_PATHS = NO;
				CLANG_ANALYZER_NONNULL = YES;
				CLANG_CXX_LANGUAGE_STANDARD = "gnu++0x";
				CLANG_CXX_LIBRARY = "libc++";
				CLANG_ENABLE_MODULES = YES;
				CLANG_ENABLE_OBJC_ARC = YES;
				CLANG_WARN_BOOL_CONVERSION = YES;
				CLANG_WARN_CONSTANT_CONVERSION = YES;
				CLANG_WARN_DIRECT_OBJC_ISA_USAGE = YES_ERROR;
				CLANG_WARN_DOCUMENTATION_COMMENTS = YES;
				CLANG_WARN_EMPTY_BODY = YES;
				CLANG_WARN_ENUM_CONVERSION = YES;
				CLANG_WARN_INFINITE_RECURSION = YES;
				CLANG_WARN_INT_CONVERSION = YES;
				CLANG_WARN_OBJC_ROOT_CLASS = YES_ERROR;
				CLANG_WARN_SUSPICIOUS_MOVE = YES;
				CLANG_WARN_UNREACHABLE_CODE = YES;
				CLANG_WARN__DUPLICATE_METHOD_MATCH = YES;
				CODE_SIGN_IDENTITY = "-";
				COPY_PHASE_STRIP = NO;
				DEBUG_INFORMATION_FORMAT = "dwarf-with-dsym";
				ENABLE_NS_ASSERTIONS = NO;
				ENABLE_STRICT_OBJC_MSGSEND = YES;
				GCC_C_LANGUAGE_STANDARD = gnu99;
				GCC_NO_COMMON_BLOCKS = YES;
				GCC_WARN_64_TO_32_BIT_CONVERSION = YES;
				GCC_WARN_ABOUT_RETURN_TYPE = YES_ERROR;
				GCC_WARN_UNDECLARED_SELECTOR = YES;
				GCC_WARN_UNINITIALIZED_AUTOS = YES_AGGRESSIVE;
				GCC_WARN_UNUSED_FUNCTION = YES;
				GCC_WARN_UNUSED_VARIABLE = YES;
				MACOSX_DEPLOYMENT_TARGET = 10.12;
				MTL_ENABLE_DEBUG_INFO = NO;
				SDKROOT = macosx;
			};
			name = Release;
		};
		81A8748F1E5A3BEB004DDBA1 /* Debug */ = {
			isa = XCBuildConfiguration;
			buildSettings = {
				PRODUCT_NAME = "$(TARGET_NAME)";
			};
			name = Debug;
		};
		81A874901E5A3BEB004DDBA1 /* Release */ = {
			isa = XCBuildConfiguration;
			buildSettings = {
				PRODUCT_NAME = "$(TARGET_NAME)";
			};
			name = Release;
		};
/* End XCBuildConfiguration section */

/* Begin XCConfigurationList section */
		81A874821E5A3BEB004DDBA1 /* Build configuration list for PBXProject "GA" */ = {
			isa = XCConfigurationList;
			buildConfigurations = (
				81A8748C1E5A3BEB004DDBA1 /* Debug */,
				81A8748D1E5A3BEB004DDBA1 /* Release */,
			);
			defaultConfigurationIsVisible = 0;
			defaultConfigurationName = Release;
		};
		81A8748E1E5A3BEB004DDBA1 /* Build configuration list for PBXNativeTarget "GA" */ = {
			isa = XCConfigurationList;
			buildConfigurations = (
				81A8748F1E5A3BEB004DDBA1 /* Debug */,
				81A874901E5A3BEB004DDBA1 /* Release */,
			);
			defaultConfigurationIsVisible = 0;
		};
/* End XCConfigurationList section */
	};
	rootObject = 81A8747F1E5A3BEB004DDBA1 /* Project object */;
}
